
Microsoft Visual Studio Solution File, Format Version 12.00
# Visual Studio Version 16
VisualStudioVersion = 16.0.32802.440
MinimumVisualStudioVersion = 10.0.40219.1
Project("{FAE04EC0-301F-11D3-BF4B-00C04F79EFBC}") = "GameOfLife", "Game\GameOfLife.csproj", "{B702DEBA-B97C-4FEB-ADD1-814EC3BABBA6}"
EndProject
Global
	GlobalSection(SolutionConfigurationPlatforms) = preSolution
		Debug|Any CPU = Debug|Any CPU
		Release|Any CPU = Release|Any CPU
	EndGlobalSection
	GlobalSection(ProjectConfigurationPlatforms) = postSolution
		{B702DEBA-B97C-4FEB-ADD1-814EC3BABBA6}.Debug|Any CPU.ActiveCfg = Debug|Any CPU
		{B702DEBA-B97C-4FEB-ADD1-814EC3BABBA6}.Debug|Any CPU.Build.0 = Debug|Any CPU
		{B702DEBA-B97C-4FEB-ADD1-814EC3BABBA6}.Release|Any CPU.ActiveCfg = Release|Any CPU
		{B702DEBA-B97C-4FEB-ADD1-814EC3BABBA6}.Release|Any CPU.Build.0 = Release|Any CPU
	EndGlobalSection
	GlobalSection(SolutionProperties) = preSolution
		HideSolutionNode = FALSE
	EndGlobalSection
	GlobalSection(ExtensibilityGlobals) = postSolution
		SolutionGuid = {C2E4544B-BC38-4881-B413-E280EF425FD4}
	EndGlobalSection
EndGlobal
